{
  "lockfileVersion": 1,
  "workspaces": {
    "": {
      "dependencies": {
        "baojs": "^0.2.1",
      },
    },
  },
  "packages": {
    "baojs": ["baojs@0.2.1", "", { "dependencies": { "bun-types": "^0.2.2" } }, "sha512-mKloMR8bjd2NNtAPAFtIpHAMVunAz/m9sVEFx3fRwcUwKaq/cSWLHieoZvXOfcYn5uluG4E9EO/MsLBvXJLVqA=="],

    "bun-types": ["bun-types@0.2.2", "", {}, "sha512-/1IPC/PPWvV39I7uulBcWHL0Xpi1BqvwF34R/2gRwt0/l5MJB1gt15GLwLP33d59EnkOdRYibImuCg0l/9BRng=="],
  }
}
